
Microsoft Visual Studio Solution File, Format Version 12.00
Project("{FAE04EC0-301F-11D3-BF4B-00C04F79EFBC}") = "GamingPlatform", "GamingPlatform\GamingPlatform.csproj", "{948AD826-E263-4F60-B821-71317493D72E}"
EndProject
Global
	GlobalSection(SolutionConfigurationPlatforms) = preSolution
		Debug|Any CPU = Debug|Any CPU
		Release|Any CPU = Release|Any CPU
	EndGlobalSection
	GlobalSection(ProjectConfigurationPlatforms) = postSolution
		{948AD826-E263-4F60-B821-71317493D72E}.Debug|Any CPU.ActiveCfg = Debug|Any CPU
		{948AD826-E263-4F60-B821-71317493D72E}.Debug|Any CPU.Build.0 = Debug|Any CPU
		{948AD826-E263-4F60-B821-71317493D72E}.Release|Any CPU.ActiveCfg = Release|Any CPU
		{948AD826-E263-4F60-B821-71317493D72E}.Release|Any CPU.Build.0 = Release|Any CPU
	EndGlobalSection
EndGlobal
