
Microsoft Visual Studio Solution File, Format Version 12.00
Project("{FAE04EC0-301F-11D3-BF4B-00C04F79EFBC}") = "Core", "Core\Core.csproj", "{D41C65E6-B20C-4F34-A5AE-95CB1E1D69D5}"
EndProject
Global
	GlobalSection(SolutionConfigurationPlatforms) = preSolution
		Debug|Any CPU = Debug|Any CPU
		Release|Any CPU = Release|Any CPU
	EndGlobalSection
	GlobalSection(ProjectConfigurationPlatforms) = postSolution
		{D41C65E6-B20C-4F34-A5AE-95CB1E1D69D5}.Debug|Any CPU.ActiveCfg = Debug|Any CPU
		{D41C65E6-B20C-4F34-A5AE-95CB1E1D69D5}.Debug|Any CPU.Build.0 = Debug|Any CPU
		{D41C65E6-B20C-4F34-A5AE-95CB1E1D69D5}.Release|Any CPU.ActiveCfg = Release|Any CPU
		{D41C65E6-B20C-4F34-A5AE-95CB1E1D69D5}.Release|Any CPU.Build.0 = Release|Any CPU
	EndGlobalSection
EndGlobal
